
Microsoft Visual Studio Solution File, Format Version 12.00
# Visual Studio Version 16
VisualStudioVersion = 16.0.29215.179
MinimumVisualStudioVersion = 10.0.40219.1
Project("{FAE04EC0-301F-11D3-BF4B-00C04F79EFBC}") = "DataBasePractice", "DataBasePractice\DataBasePractice.csproj", "{FBA3BB30-FF3C-4B29-96FC-39BAAA676F85}"
EndProject
Global
	GlobalSection(SolutionConfigurationPlatforms) = preSolution
		Debug|Any CPU = Debug|Any CPU
		Release|Any CPU = Release|Any CPU
	EndGlobalSection
	GlobalSection(ProjectConfigurationPlatforms) = postSolution
		{FBA3BB30-FF3C-4B29-96FC-39BAAA676F85}.Debug|Any CPU.ActiveCfg = Debug|Any CPU
		{FBA3BB30-FF3C-4B29-96FC-39BAAA676F85}.Debug|Any CPU.Build.0 = Debug|Any CPU
		{FBA3BB30-FF3C-4B29-96FC-39BAAA676F85}.Release|Any CPU.ActiveCfg = Release|Any CPU
		{FBA3BB30-FF3C-4B29-96FC-39BAAA676F85}.Release|Any CPU.Build.0 = Release|Any CPU
	EndGlobalSection
	GlobalSection(SolutionProperties) = preSolution
		HideSolutionNode = FALSE
	EndGlobalSection
	GlobalSection(ExtensibilityGlobals) = postSolution
		SolutionGuid = {21C94A27-C46F-4904-8C8D-D33448A17DFE}
	EndGlobalSection
EndGlobal
